
Microsoft Visual Studio Solution File, Format Version 12.00
# Visual Studio Version 16
VisualStudioVersion = 16.0.30204.135
MinimumVisualStudioVersion = 10.0.40219.1
Project("{FAE04EC0-301F-11D3-BF4B-00C04F79EFBC}") = "Cai_Ejercicios", "Cai_Ejercicios\Cai_Ejercicios.csproj", "{56241A76-8811-41DC-94D6-E08E8635EA4C}"
EndProject
Global
	GlobalSection(SolutionConfigurationPlatforms) = preSolution
		Debug|Any CPU = Debug|Any CPU
		Release|Any CPU = Release|Any CPU
	EndGlobalSection
	GlobalSection(ProjectConfigurationPlatforms) = postSolution
		{56241A76-8811-41DC-94D6-E08E8635EA4C}.Debug|Any CPU.ActiveCfg = Debug|Any CPU
		{56241A76-8811-41DC-94D6-E08E8635EA4C}.Debug|Any CPU.Build.0 = Debug|Any CPU
		{56241A76-8811-41DC-94D6-E08E8635EA4C}.Release|Any CPU.ActiveCfg = Release|Any CPU
		{56241A76-8811-41DC-94D6-E08E8635EA4C}.Release|Any CPU.Build.0 = Release|Any CPU
	EndGlobalSection
	GlobalSection(SolutionProperties) = preSolution
		HideSolutionNode = FALSE
	EndGlobalSection
	GlobalSection(ExtensibilityGlobals) = postSolution
		SolutionGuid = {4500B4D0-8AC8-415F-9B00-7CDF082B4DB5}
	EndGlobalSection
EndGlobal
